
Microsoft Visual Studio Solution File, Format Version 12.00
# Visual Studio Version 16
VisualStudioVersion = 16.0.29411.108
MinimumVisualStudioVersion = 10.0.40219.1
Project("{9A19103F-16F7-4668-BE54-9A1E7A4F7556}") = "Microsoft.Extensions.Logging.RedisProvider", "src\Microsoft.Extensions.Logging.RedisProvider\Microsoft.Extensions.Logging.RedisProvider.csproj", "{C7EF15C6-7DBB-41C3-A8EF-DC27FB4B2A55}"
EndProject
Project("{2150E333-8FDC-42A3-9474-1A3956D46DE8}") = "sample", "sample", "{8BAB51CB-5598-4693-B3B1-16C3E41B4849}"
EndProject
Project("{FAE04EC0-301F-11D3-BF4B-00C04F79EFBC}") = "RedisLoggingProvider.Sample", "src\RedisLoggingProvider.Sample\RedisLoggingProvider.Sample.csproj", "{FA2CB7B4-2213-4746-A696-A84484EE2285}"
EndProject
Global
	GlobalSection(SolutionConfigurationPlatforms) = preSolution
		Debug|Any CPU = Debug|Any CPU
		Release|Any CPU = Release|Any CPU
	EndGlobalSection
	GlobalSection(ProjectConfigurationPlatforms) = postSolution
		{C7EF15C6-7DBB-41C3-A8EF-DC27FB4B2A55}.Debug|Any CPU.ActiveCfg = Debug|Any CPU
		{C7EF15C6-7DBB-41C3-A8EF-DC27FB4B2A55}.Debug|Any CPU.Build.0 = Debug|Any CPU
		{C7EF15C6-7DBB-41C3-A8EF-DC27FB4B2A55}.Release|Any CPU.ActiveCfg = Release|Any CPU
		{C7EF15C6-7DBB-41C3-A8EF-DC27FB4B2A55}.Release|Any CPU.Build.0 = Release|Any CPU
		{FA2CB7B4-2213-4746-A696-A84484EE2285}.Debug|Any CPU.ActiveCfg = Debug|Any CPU
		{FA2CB7B4-2213-4746-A696-A84484EE2285}.Debug|Any CPU.Build.0 = Debug|Any CPU
		{FA2CB7B4-2213-4746-A696-A84484EE2285}.Release|Any CPU.ActiveCfg = Release|Any CPU
		{FA2CB7B4-2213-4746-A696-A84484EE2285}.Release|Any CPU.Build.0 = Release|Any CPU
	EndGlobalSection
	GlobalSection(SolutionProperties) = preSolution
		HideSolutionNode = FALSE
	EndGlobalSection
	GlobalSection(NestedProjects) = preSolution
		{FA2CB7B4-2213-4746-A696-A84484EE2285} = {8BAB51CB-5598-4693-B3B1-16C3E41B4849}
	EndGlobalSection
	GlobalSection(ExtensibilityGlobals) = postSolution
		SolutionGuid = {7AC41CEF-064B-4F8C-AEB3-D9D0A42EA236}
	EndGlobalSection
EndGlobal
